
Microsoft Visual Studio Solution File, Format Version 12.00
# Visual Studio 15
VisualStudioVersion = 15.0.28307.539
MinimumVisualStudioVersion = 10.0.40219.1
Project("{FAE04EC0-301F-11D3-BF4B-00C04F79EFBC}") = "AuctionDemo", "AuctionDemo\AuctionDemo.csproj", "{77FBABF7-1C29-4DB1-81E6-68D02EEC3DF1}"
EndProject
Global
	GlobalSection(SolutionConfigurationPlatforms) = preSolution
		Debug|Any CPU = Debug|Any CPU
		Release|Any CPU = Release|Any CPU
	EndGlobalSection
	GlobalSection(ProjectConfigurationPlatforms) = postSolution
		{77FBABF7-1C29-4DB1-81E6-68D02EEC3DF1}.Debug|Any CPU.ActiveCfg = Debug|Any CPU
		{77FBABF7-1C29-4DB1-81E6-68D02EEC3DF1}.Debug|Any CPU.Build.0 = Debug|Any CPU
		{77FBABF7-1C29-4DB1-81E6-68D02EEC3DF1}.Release|Any CPU.ActiveCfg = Release|Any CPU
		{77FBABF7-1C29-4DB1-81E6-68D02EEC3DF1}.Release|Any CPU.Build.0 = Release|Any CPU
	EndGlobalSection
	GlobalSection(SolutionProperties) = preSolution
		HideSolutionNode = FALSE
	EndGlobalSection
	GlobalSection(ExtensibilityGlobals) = postSolution
		SolutionGuid = {020838F0-3E77-495E-8D2C-41BBFACF43C8}
	EndGlobalSection
EndGlobal
